
Microsoft Visual Studio Solution File, Format Version 12.00
# Visual Studio 14
VisualStudioVersion = 14.0.22823.1
MinimumVisualStudioVersion = 10.0.40219.1
Project("{FAE04EC0-301F-11D3-BF4B-00C04F79EFBC}") = "Se.MoneyPoints.Api", "Se.MoneyPoints.Api\Se.MoneyPoints.Api.csproj", "{DC98B300-43DB-43D4-801B-E023976D0FB0}"
EndProject
Project("{FAE04EC0-301F-11D3-BF4B-00C04F79EFBC}") = "Se.MoneyPoints.Api.Tests", "Se.MoneyPoints.Api.Tests\Se.MoneyPoints.Api.Tests.csproj", "{831C1DA0-7C7E-423D-84B6-992119A341E0}"
EndProject
Project("{2150E333-8FDC-42A3-9474-1A3956D46DE8}") = "Backend", "Backend", "{7D12D253-86E1-489C-BB50-EFBACAE600C0}"
EndProject
Project("{2150E333-8FDC-42A3-9474-1A3956D46DE8}") = "Tests", "Tests", "{7F866533-FAFD-4708-925D-636BD0C8599C}"
EndProject
Project("{2150E333-8FDC-42A3-9474-1A3956D46DE8}") = "FrontEnd", "FrontEnd", "{FCEAB226-1C23-4E59-8020-907CA2431B1F}"
EndProject
Project("{2150E333-8FDC-42A3-9474-1A3956D46DE8}") = "Model", "Model", "{6DA05CDC-B2AB-4A55-935A-0BA2E9E69392}"
EndProject
Project("{FAE04EC0-301F-11D3-BF4B-00C04F79EFBC}") = "Se.MoneyPoints.Model", "Se.MoneyPoints.Model\Se.MoneyPoints.Model.csproj", "{BB75A986-7F88-4140-9D25-599682C5892D}"
EndProject
Project("{262852C6-CD72-467D-83FE-5EEB1973A190}") = "Se.MoneyPointsAppJs", "Se.MoneyPointsAppJs\Se.MoneyPointsAppJs.jsproj", "{CD977795-9354-4C43-ABAB-47658B90C28D}"
EndProject
Project("{262852C6-CD72-467D-83FE-5EEB1973A190}") = "SE.MoneyPoints.App", "SE.MoneyPoints.App\SE.MoneyPoints.App.jsproj", "{BC5FF9E3-B046-442D-A64C-85D83152A028}"
EndProject
Global
	GlobalSection(SolutionConfigurationPlatforms) = preSolution
		Debug|Android = Debug|Android
		Debug|Any CPU = Debug|Any CPU
		Debug|ARM = Debug|ARM
		Debug|iOS = Debug|iOS
		Debug|Mixed Platforms = Debug|Mixed Platforms
		Debug|Windows Phone (Universal) = Debug|Windows Phone (Universal)
		Debug|Windows Phone 8 = Debug|Windows Phone 8
		Debug|Windows-AnyCPU = Debug|Windows-AnyCPU
		Debug|Windows-ARM = Debug|Windows-ARM
		Debug|Windows-x64 = Debug|Windows-x64
		Debug|Windows-x86 = Debug|Windows-x86
		Debug|x64 = Debug|x64
		Debug|x86 = Debug|x86
		Distribution|Android = Distribution|Android
		Distribution|Any CPU = Distribution|Any CPU
		Distribution|ARM = Distribution|ARM
		Distribution|iOS = Distribution|iOS
		Distribution|Mixed Platforms = Distribution|Mixed Platforms
		Distribution|Windows Phone (Universal) = Distribution|Windows Phone (Universal)
		Distribution|Windows Phone 8 = Distribution|Windows Phone 8
		Distribution|Windows-AnyCPU = Distribution|Windows-AnyCPU
		Distribution|Windows-ARM = Distribution|Windows-ARM
		Distribution|Windows-x64 = Distribution|Windows-x64
		Distribution|Windows-x86 = Distribution|Windows-x86
		Distribution|x64 = Distribution|x64
		Distribution|x86 = Distribution|x86
		Release|Android = Release|Android
		Release|Any CPU = Release|Any CPU
		Release|ARM = Release|ARM
		Release|iOS = Release|iOS
		Release|Mixed Platforms = Release|Mixed Platforms
		Release|Windows Phone (Universal) = Release|Windows Phone (Universal)
		Release|Windows Phone 8 = Release|Windows Phone 8
		Release|Windows-AnyCPU = Release|Windows-AnyCPU
		Release|Windows-ARM = Release|Windows-ARM
		Release|Windows-x64 = Release|Windows-x64
		Release|Windows-x86 = Release|Windows-x86
		Release|x64 = Release|x64
		Release|x86 = Release|x86
	EndGlobalSection
	GlobalSection(ProjectConfigurationPlatforms) = postSolution
		{DC98B300-43DB-43D4-801B-E023976D0FB0}.Debug|Android.ActiveCfg = Debug|Any CPU
		{DC98B300-43DB-43D4-801B-E023976D0FB0}.Debug|Android.Build.0 = Debug|Any CPU
		{DC98B300-43DB-43D4-801B-E023976D0FB0}.Debug|Any CPU.ActiveCfg = Debug|Any CPU
		{DC98B300-43DB-43D4-801B-E023976D0FB0}.Debug|Any CPU.Build.0 = Debug|Any CPU
		{DC98B300-43DB-43D4-801B-E023976D0FB0}.Debug|ARM.ActiveCfg = Debug|Any CPU
		{DC98B300-43DB-43D4-801B-E023976D0FB0}.Debug|ARM.Build.0 = Debug|Any CPU
		{DC98B300-43DB-43D4-801B-E023976D0FB0}.Debug|iOS.ActiveCfg = Debug|Any CPU
		{DC98B300-43DB-43D4-801B-E023976D0FB0}.Debug|iOS.Build.0 = Debug|Any CPU
		{DC98B300-43DB-43D4-801B-E023976D0FB0}.Debug|Mixed Platforms.ActiveCfg = Debug|Any CPU
		{DC98B300-43DB-43D4-801B-E023976D0FB0}.Debug|Mixed Platforms.Build.0 = Debug|Any CPU
		{DC98B300-43DB-43D4-801B-E023976D0FB0}.Debug|Windows Phone (Universal).ActiveCfg = Debug|Any CPU
		{DC98B300-43DB-43D4-801B-E023976D0FB0}.Debug|Windows Phone (Universal).Build.0 = Debug|Any CPU
		{DC98B300-43DB-43D4-801B-E023976D0FB0}.Debug|Windows Phone 8.ActiveCfg = Debug|Any CPU
		{DC98B300-43DB-43D4-801B-E023976D0FB0}.Debug|Windows Phone 8.Build.0 = Debug|Any CPU
		{DC98B300-43DB-43D4-801B-E023976D0FB0}.Debug|Windows-AnyCPU.ActiveCfg = Debug|Any CPU
		{DC98B300-43DB-43D4-801B-E023976D0FB0}.Debug|Windows-AnyCPU.Build.0 = Debug|Any CPU
		{DC98B300-43DB-43D4-801B-E023976D0FB0}.Debug|Windows-ARM.ActiveCfg = Debug|Any CPU
		{DC98B300-43DB-43D4-801B-E023976D0FB0}.Debug|Windows-ARM.Build.0 = Debug|Any CPU
		{DC98B300-43DB-43D4-801B-E023976D0FB0}.Debug|Windows-x64.ActiveCfg = Debug|Any CPU
		{DC98B300-43DB-43D4-801B-E023976D0FB0}.Debug|Windows-x64.Build.0 = Debug|Any CPU
		{DC98B300-43DB-43D4-801B-E023976D0FB0}.Debug|Windows-x86.ActiveCfg = Debug|Any CPU
		{DC98B300-43DB-43D4-801B-E023976D0FB0}.Debug|Windows-x86.Build.0 = Debug|Any CPU
		{DC98B300-43DB-43D4-801B-E023976D0FB0}.Debug|x64.ActiveCfg = Debug|Any CPU
		{DC98B300-43DB-43D4-801B-E023976D0FB0}.Debug|x64.Build.0 = Debug|Any CPU
		{DC98B300-43DB-43D4-801B-E023976D0FB0}.Debug|x86.ActiveCfg = Debug|Any CPU
		{DC98B300-43DB-43D4-801B-E023976D0FB0}.Debug|x86.Build.0 = Debug|Any CPU
		{DC98B300-43DB-43D4-801B-E023976D0FB0}.Distribution|Android.ActiveCfg = Debug|Any CPU
		{DC98B300-43DB-43D4-801B-E023976D0FB0}.Distribution|Android.Build.0 = Debug|Any CPU
		{DC98B300-43DB-43D4-801B-E023976D0FB0}.Distribution|Any CPU.ActiveCfg = Debug|Any CPU
		{DC98B300-43DB-43D4-801B-E023976D0FB0}.Distribution|Any CPU.Build.0 = Debug|Any CPU
		{DC98B300-43DB-43D4-801B-E023976D0FB0}.Distribution|ARM.ActiveCfg = Debug|Any CPU
		{DC98B300-43DB-43D4-801B-E023976D0FB0}.Distribution|ARM.Build.0 = Debug|Any CPU
		{DC98B300-43DB-43D4-801B-E023976D0FB0}.Distribution|iOS.ActiveCfg = Debug|Any CPU
		{DC98B300-43DB-43D4-801B-E023976D0FB0}.Distribution|iOS.Build.0 = Debug|Any CPU
		{DC98B300-43DB-43D4-801B-E023976D0FB0}.Distribution|Mixed Platforms.ActiveCfg = Debug|Any CPU
		{DC98B300-43DB-43D4-801B-E023976D0FB0}.Distribution|Mixed Platforms.Build.0 = Debug|Any CPU
		{DC98B300-43DB-43D4-801B-E023976D0FB0}.Distribution|Windows Phone (Universal).ActiveCfg = Debug|Any CPU
		{DC98B300-43DB-43D4-801B-E023976D0FB0}.Distribution|Windows Phone (Universal).Build.0 = Debug|Any CPU
		{DC98B300-43DB-43D4-801B-E023976D0FB0}.Distribution|Windows Phone 8.ActiveCfg = Debug|Any CPU
		{DC98B300-43DB-43D4-801B-E023976D0FB0}.Distribution|Windows Phone 8.Build.0 = Debug|Any CPU
		{DC98B300-43DB-43D4-801B-E023976D0FB0}.Distribution|Windows-AnyCPU.ActiveCfg = Debug|Any CPU
		{DC98B300-43DB-43D4-801B-E023976D0FB0}.Distribution|Windows-AnyCPU.Build.0 = Debug|Any CPU
		{DC98B300-43DB-43D4-801B-E023976D0FB0}.Distribution|Windows-ARM.ActiveCfg = Debug|Any CPU
		{DC98B300-43DB-43D4-801B-E023976D0FB0}.Distribution|Windows-ARM.Build.0 = Debug|Any CPU
		{DC98B300-43DB-43D4-801B-E023976D0FB0}.Distribution|Windows-x64.ActiveCfg = Debug|Any CPU
		{DC98B300-43DB-43D4-801B-E023976D0FB0}.Distribution|Windows-x64.Build.0 = Debug|Any CPU
		{DC98B300-43DB-43D4-801B-E023976D0FB0}.Distribution|Windows-x86.ActiveCfg = Debug|Any CPU
		{DC98B300-43DB-43D4-801B-E023976D0FB0}.Distribution|Windows-x86.Build.0 = Debug|Any CPU
		{DC98B300-43DB-43D4-801B-E023976D0FB0}.Distribution|x64.ActiveCfg = Debug|Any CPU
		{DC98B300-43DB-43D4-801B-E023976D0FB0}.Distribution|x64.Build.0 = Debug|Any CPU
		{DC98B300-43DB-43D4-801B-E023976D0FB0}.Distribution|x86.ActiveCfg = Debug|Any CPU
		{DC98B300-43DB-43D4-801B-E023976D0FB0}.Distribution|x86.Build.0 = Debug|Any CPU
		{DC98B300-43DB-43D4-801B-E023976D0FB0}.Release|Android.ActiveCfg = Release|Any CPU
		{DC98B300-43DB-43D4-801B-E023976D0FB0}.Release|Android.Build.0 = Release|Any CPU
		{DC98B300-43DB-43D4-801B-E023976D0FB0}.Release|Any CPU.ActiveCfg = Release|Any CPU
		{DC98B300-43DB-43D4-801B-E023976D0FB0}.Release|Any CPU.Build.0 = Release|Any CPU
		{DC98B300-43DB-43D4-801B-E023976D0FB0}.Release|ARM.ActiveCfg = Release|Any CPU
		{DC98B300-43DB-43D4-801B-E023976D0FB0}.Release|ARM.Build.0 = Release|Any CPU
		{DC98B300-43DB-43D4-801B-E023976D0FB0}.Release|iOS.ActiveCfg = Release|Any CPU
		{DC98B300-43DB-43D4-801B-E023976D0FB0}.Release|iOS.Build.0 = Release|Any CPU
		{DC98B300-43DB-43D4-801B-E023976D0FB0}.Release|Mixed Platforms.ActiveCfg = Release|Any CPU
		{DC98B300-43DB-43D4-801B-E023976D0FB0}.Release|Mixed Platforms.Build.0 = Release|Any CPU
		{DC98B300-43DB-43D4-801B-E023976D0FB0}.Release|Windows Phone (Universal).ActiveCfg = Release|Any CPU
		{DC98B300-43DB-43D4-801B-E023976D0FB0}.Release|Windows Phone (Universal).Build.0 = Release|Any CPU
		{DC98B300-43DB-43D4-801B-E023976D0FB0}.Release|Windows Phone 8.ActiveCfg = Release|Any CPU
		{DC98B300-43DB-43D4-801B-E023976D0FB0}.Release|Windows Phone 8.Build.0 = Release|Any CPU
		{DC98B300-43DB-43D4-801B-E023976D0FB0}.Release|Windows-AnyCPU.ActiveCfg = Release|Any CPU
		{DC98B300-43DB-43D4-801B-E023976D0FB0}.Release|Windows-AnyCPU.Build.0 = Release|Any CPU
		{DC98B300-43DB-43D4-801B-E023976D0FB0}.Release|Windows-ARM.ActiveCfg = Release|Any CPU
		{DC98B300-43DB-43D4-801B-E023976D0FB0}.Release|Windows-ARM.Build.0 = Release|Any CPU
		{DC98B300-43DB-43D4-801B-E023976D0FB0}.Release|Windows-x64.ActiveCfg = Release|Any CPU
		{DC98B300-43DB-43D4-801B-E023976D0FB0}.Release|Windows-x64.Build.0 = Release|Any CPU
		{DC98B300-43DB-43D4-801B-E023976D0FB0}.Release|Windows-x86.ActiveCfg = Release|Any CPU
		{DC98B300-43DB-43D4-801B-E023976D0FB0}.Release|Windows-x86.Build.0 = Release|Any CPU
		{DC98B300-43DB-43D4-801B-E023976D0FB0}.Release|x64.ActiveCfg = Release|Any CPU
		{DC98B300-43DB-43D4-801B-E023976D0FB0}.Release|x64.Build.0 = Release|Any CPU
		{DC98B300-43DB-43D4-801B-E023976D0FB0}.Release|x86.ActiveCfg = Release|Any CPU
		{DC98B300-43DB-43D4-801B-E023976D0FB0}.Release|x86.Build.0 = Release|Any CPU
		{831C1DA0-7C7E-423D-84B6-992119A341E0}.Debug|Android.ActiveCfg = Debug|Any CPU
		{831C1DA0-7C7E-423D-84B6-992119A341E0}.Debug|Android.Build.0 = Debug|Any CPU
		{831C1DA0-7C7E-423D-84B6-992119A341E0}.Debug|Any CPU.ActiveCfg = Debug|Any CPU
		{831C1DA0-7C7E-423D-84B6-992119A341E0}.Debug|Any CPU.Build.0 = Debug|Any CPU
		{831C1DA0-7C7E-423D-84B6-992119A341E0}.Debug|ARM.ActiveCfg = Debug|Any CPU
		{831C1DA0-7C7E-423D-84B6-992119A341E0}.Debug|ARM.Build.0 = Debug|Any CPU
		{831C1DA0-7C7E-423D-84B6-992119A341E0}.Debug|iOS.ActiveCfg = Debug|Any CPU
		{831C1DA0-7C7E-423D-84B6-992119A341E0}.Debug|iOS.Build.0 = Debug|Any CPU
		{831C1DA0-7C7E-423D-84B6-992119A341E0}.Debug|Mixed Platforms.ActiveCfg = Debug|Any CPU
		{831C1DA0-7C7E-423D-84B6-992119A341E0}.Debug|Mixed Platforms.Build.0 = Debug|Any CPU
		{831C1DA0-7C7E-423D-84B6-992119A341E0}.Debug|Windows Phone (Universal).ActiveCfg = Debug|Any CPU
		{831C1DA0-7C7E-423D-84B6-992119A341E0}.Debug|Windows Phone (Universal).Build.0 = Debug|Any CPU
		{831C1DA0-7C7E-423D-84B6-992119A341E0}.Debug|Windows Phone 8.ActiveCfg = Debug|Any CPU
		{831C1DA0-7C7E-423D-84B6-992119A341E0}.Debug|Windows Phone 8.Build.0 = Debug|Any CPU
		{831C1DA0-7C7E-423D-84B6-992119A341E0}.Debug|Windows-AnyCPU.ActiveCfg = Debug|Any CPU
		{831C1DA0-7C7E-423D-84B6-992119A341E0}.Debug|Windows-AnyCPU.Build.0 = Debug|Any CPU
		{831C1DA0-7C7E-423D-84B6-992119A341E0}.Debug|Windows-ARM.ActiveCfg = Debug|Any CPU
		{831C1DA0-7C7E-423D-84B6-992119A341E0}.Debug|Windows-ARM.Build.0 = Debug|Any CPU
		{831C1DA0-7C7E-423D-84B6-992119A341E0}.Debug|Windows-x64.ActiveCfg = Debug|Any CPU
		{831C1DA0-7C7E-423D-84B6-992119A341E0}.Debug|Windows-x64.Build.0 = Debug|Any CPU
		{831C1DA0-7C7E-423D-84B6-992119A341E0}.Debug|Windows-x86.ActiveCfg = Debug|Any CPU
		{831C1DA0-7C7E-423D-84B6-992119A341E0}.Debug|Windows-x86.Build.0 = Debug|Any CPU
		{831C1DA0-7C7E-423D-84B6-992119A341E0}.Debug|x64.ActiveCfg = Debug|Any CPU
		{831C1DA0-7C7E-423D-84B6-992119A341E0}.Debug|x64.Build.0 = Debug|Any CPU
		{831C1DA0-7C7E-423D-84B6-992119A341E0}.Debug|x86.ActiveCfg = Debug|Any CPU
		{831C1DA0-7C7E-423D-84B6-992119A341E0}.Debug|x86.Build.0 = Debug|Any CPU
		{831C1DA0-7C7E-423D-84B6-992119A341E0}.Distribution|Android.ActiveCfg = Debug|Any CPU
		{831C1DA0-7C7E-423D-84B6-992119A341E0}.Distribution|Android.Build.0 = Debug|Any CPU
		{831C1DA0-7C7E-423D-84B6-992119A341E0}.Distribution|Any CPU.ActiveCfg = Debug|Any CPU
		{831C1DA0-7C7E-423D-84B6-992119A341E0}.Distribution|Any CPU.Build.0 = Debug|Any CPU
		{831C1DA0-7C7E-423D-84B6-992119A341E0}.Distribution|ARM.ActiveCfg = Debug|Any CPU
		{831C1DA0-7C7E-423D-84B6-992119A341E0}.Distribution|ARM.Build.0 = Debug|Any CPU
		{831C1DA0-7C7E-423D-84B6-992119A341E0}.Distribution|iOS.ActiveCfg = Debug|Any CPU
		{831C1DA0-7C7E-423D-84B6-992119A341E0}.Distribution|iOS.Build.0 = Debug|Any CPU
		{831C1DA0-7C7E-423D-84B6-992119A341E0}.Distribution|Mixed Platforms.ActiveCfg = Debug|Any CPU
		{831C1DA0-7C7E-423D-84B6-992119A341E0}.Distribution|Mixed Platforms.Build.0 = Debug|Any CPU
		{831C1DA0-7C7E-423D-84B6-992119A341E0}.Distribution|Windows Phone (Universal).ActiveCfg = Debug|Any CPU
		{831C1DA0-7C7E-423D-84B6-992119A341E0}.Distribution|Windows Phone (Universal).Build.0 = Debug|Any CPU
		{831C1DA0-7C7E-423D-84B6-992119A341E0}.Distribution|Windows Phone 8.ActiveCfg = Debug|Any CPU
		{831C1DA0-7C7E-423D-84B6-992119A341E0}.Distribution|Windows Phone 8.Build.0 = Debug|Any CPU
		{831C1DA0-7C7E-423D-84B6-992119A341E0}.Distribution|Windows-AnyCPU.ActiveCfg = Debug|Any CPU
		{831C1DA0-7C7E-423D-84B6-992119A341E0}.Distribution|Windows-AnyCPU.Build.0 = Debug|Any CPU
		{831C1DA0-7C7E-423D-84B6-992119A341E0}.Distribution|Windows-ARM.ActiveCfg = Debug|Any CPU
		{831C1DA0-7C7E-423D-84B6-992119A341E0}.Distribution|Windows-ARM.Build.0 = Debug|Any CPU
		{831C1DA0-7C7E-423D-84B6-992119A341E0}.Distribution|Windows-x64.ActiveCfg = Debug|Any CPU
		{831C1DA0-7C7E-423D-84B6-992119A341E0}.Distribution|Windows-x64.Build.0 = Debug|Any CPU
		{831C1DA0-7C7E-423D-84B6-992119A341E0}.Distribution|Windows-x86.ActiveCfg = Debug|Any CPU
		{831C1DA0-7C7E-423D-84B6-992119A341E0}.Distribution|Windows-x86.Build.0 = Debug|Any CPU
		{831C1DA0-7C7E-423D-84B6-992119A341E0}.Distribution|x64.ActiveCfg = Debug|Any CPU
		{831C1DA0-7C7E-423D-84B6-992119A341E0}.Distribution|x64.Build.0 = Debug|Any CPU
		{831C1DA0-7C7E-423D-84B6-992119A341E0}.Distribution|x86.ActiveCfg = Debug|Any CPU
		{831C1DA0-7C7E-423D-84B6-992119A341E0}.Distribution|x86.Build.0 = Debug|Any CPU
		{831C1DA0-7C7E-423D-84B6-992119A341E0}.Release|Android.ActiveCfg = Release|Any CPU
		{831C1DA0-7C7E-423D-84B6-992119A341E0}.Release|Android.Build.0 = Release|Any CPU
		{831C1DA0-7C7E-423D-84B6-992119A341E0}.Release|Any CPU.ActiveCfg = Release|Any CPU
		{831C1DA0-7C7E-423D-84B6-992119A341E0}.Release|Any CPU.Build.0 = Release|Any CPU
		{831C1DA0-7C7E-423D-84B6-992119A341E0}.Release|ARM.ActiveCfg = Release|Any CPU
		{831C1DA0-7C7E-423D-84B6-992119A341E0}.Release|ARM.Build.0 = Release|Any CPU
		{831C1DA0-7C7E-423D-84B6-992119A341E0}.Release|iOS.ActiveCfg = Release|Any CPU
		{831C1DA0-7C7E-423D-84B6-992119A341E0}.Release|iOS.Build.0 = Release|Any CPU
		{831C1DA0-7C7E-423D-84B6-992119A341E0}.Release|Mixed Platforms.ActiveCfg = Release|Any CPU
		{831C1DA0-7C7E-423D-84B6-992119A341E0}.Release|Mixed Platforms.Build.0 = Release|Any CPU
		{831C1DA0-7C7E-423D-84B6-992119A341E0}.Release|Windows Phone (Universal).ActiveCfg = Release|Any CPU
		{831C1DA0-7C7E-423D-84B6-992119A341E0}.Release|Windows Phone (Universal).Build.0 = Release|Any CPU
		{831C1DA0-7C7E-423D-84B6-992119A341E0}.Release|Windows Phone 8.ActiveCfg = Release|Any CPU
		{831C1DA0-7C7E-423D-84B6-992119A341E0}.Release|Windows Phone 8.Build.0 = Release|Any CPU
		{831C1DA0-7C7E-423D-84B6-992119A341E0}.Release|Windows-AnyCPU.ActiveCfg = Release|Any CPU
		{831C1DA0-7C7E-423D-84B6-992119A341E0}.Release|Windows-AnyCPU.Build.0 = Release|Any CPU
		{831C1DA0-7C7E-423D-84B6-992119A341E0}.Release|Windows-ARM.ActiveCfg = Release|Any CPU
		{831C1DA0-7C7E-423D-84B6-992119A341E0}.Release|Windows-ARM.Build.0 = Release|Any CPU
		{831C1DA0-7C7E-423D-84B6-992119A341E0}.Release|Windows-x64.ActiveCfg = Release|Any CPU
		{831C1DA0-7C7E-423D-84B6-992119A341E0}.Release|Windows-x64.Build.0 = Release|Any CPU
		{831C1DA0-7C7E-423D-84B6-992119A341E0}.Release|Windows-x86.ActiveCfg = Release|Any CPU
		{831C1DA0-7C7E-423D-84B6-992119A341E0}.Release|Windows-x86.Build.0 = Release|Any CPU
		{831C1DA0-7C7E-423D-84B6-992119A341E0}.Release|x64.ActiveCfg = Release|Any CPU
		{831C1DA0-7C7E-423D-84B6-992119A341E0}.Release|x64.Build.0 = Release|Any CPU
		{831C1DA0-7C7E-423D-84B6-992119A341E0}.Release|x86.ActiveCfg = Release|Any CPU
		{831C1DA0-7C7E-423D-84B6-992119A341E0}.Release|x86.Build.0 = Release|Any CPU
		{BB75A986-7F88-4140-9D25-599682C5892D}.Debug|Android.ActiveCfg = Debug|Any CPU
		{BB75A986-7F88-4140-9D25-599682C5892D}.Debug|Android.Build.0 = Debug|Any CPU
		{BB75A986-7F88-4140-9D25-599682C5892D}.Debug|Any CPU.ActiveCfg = Debug|Any CPU
		{BB75A986-7F88-4140-9D25-599682C5892D}.Debug|Any CPU.Build.0 = Debug|Any CPU
		{BB75A986-7F88-4140-9D25-599682C5892D}.Debug|ARM.ActiveCfg = Debug|Any CPU
		{BB75A986-7F88-4140-9D25-599682C5892D}.Debug|ARM.Build.0 = Debug|Any CPU
		{BB75A986-7F88-4140-9D25-599682C5892D}.Debug|iOS.ActiveCfg = Debug|Any CPU
		{BB75A986-7F88-4140-9D25-599682C5892D}.Debug|iOS.Build.0 = Debug|Any CPU
		{BB75A986-7F88-4140-9D25-599682C5892D}.Debug|Mixed Platforms.ActiveCfg = Debug|Any CPU
		{BB75A986-7F88-4140-9D25-599682C5892D}.Debug|Mixed Platforms.Build.0 = Debug|Any CPU
		{BB75A986-7F88-4140-9D25-599682C5892D}.Debug|Windows Phone (Universal).ActiveCfg = Debug|Any CPU
		{BB75A986-7F88-4140-9D25-599682C5892D}.Debug|Windows Phone (Universal).Build.0 = Debug|Any CPU
		{BB75A986-7F88-4140-9D25-599682C5892D}.Debug|Windows Phone 8.ActiveCfg = Debug|Any CPU
		{BB75A986-7F88-4140-9D25-599682C5892D}.Debug|Windows Phone 8.Build.0 = Debug|Any CPU
		{BB75A986-7F88-4140-9D25-599682C5892D}.Debug|Windows-AnyCPU.ActiveCfg = Debug|Any CPU
		{BB75A986-7F88-4140-9D25-599682C5892D}.Debug|Windows-AnyCPU.Build.0 = Debug|Any CPU
		{BB75A986-7F88-4140-9D25-599682C5892D}.Debug|Windows-ARM.ActiveCfg = Debug|Any CPU
		{BB75A986-7F88-4140-9D25-599682C5892D}.Debug|Windows-ARM.Build.0 = Debug|Any CPU
		{BB75A986-7F88-4140-9D25-599682C5892D}.Debug|Windows-x64.ActiveCfg = Debug|Any CPU
		{BB75A986-7F88-4140-9D25-599682C5892D}.Debug|Windows-x64.Build.0 = Debug|Any CPU
		{BB75A986-7F88-4140-9D25-599682C5892D}.Debug|Windows-x86.ActiveCfg = Debug|Any CPU
		{BB75A986-7F88-4140-9D25-599682C5892D}.Debug|Windows-x86.Build.0 = Debug|Any CPU
		{BB75A986-7F88-4140-9D25-599682C5892D}.Debug|x64.ActiveCfg = Debug|Any CPU
		{BB75A986-7F88-4140-9D25-599682C5892D}.Debug|x64.Build.0 = Debug|Any CPU
		{BB75A986-7F88-4140-9D25-599682C5892D}.Debug|x86.ActiveCfg = Debug|Any CPU
		{BB75A986-7F88-4140-9D25-599682C5892D}.Debug|x86.Build.0 = Debug|Any CPU
		{BB75A986-7F88-4140-9D25-599682C5892D}.Distribution|Android.ActiveCfg = Debug|Any CPU
		{BB75A986-7F88-4140-9D25-599682C5892D}.Distribution|Android.Build.0 = Debug|Any CPU
		{BB75A986-7F88-4140-9D25-599682C5892D}.Distribution|Any CPU.ActiveCfg = Debug|Any CPU
		{BB75A986-7F88-4140-9D25-599682C5892D}.Distribution|Any CPU.Build.0 = Debug|Any CPU
		{BB75A986-7F88-4140-9D25-599682C5892D}.Distribution|ARM.ActiveCfg = Debug|Any CPU
		{BB75A986-7F88-4140-9D25-599682C5892D}.Distribution|ARM.Build.0 = Debug|Any CPU
		{BB75A986-7F88-4140-9D25-599682C5892D}.Distribution|iOS.ActiveCfg = Debug|Any CPU
		{BB75A986-7F88-4140-9D25-599682C5892D}.Distribution|iOS.Build.0 = Debug|Any CPU
		{BB75A986-7F88-4140-9D25-599682C5892D}.Distribution|Mixed Platforms.ActiveCfg = Debug|Any CPU
		{BB75A986-7F88-4140-9D25-599682C5892D}.Distribution|Mixed Platforms.Build.0 = Debug|Any CPU
		{BB75A986-7F88-4140-9D25-599682C5892D}.Distribution|Windows Phone (Universal).ActiveCfg = Debug|Any CPU
		{BB75A986-7F88-4140-9D25-599682C5892D}.Distribution|Windows Phone (Universal).Build.0 = Debug|Any CPU
		{BB75A986-7F88-4140-9D25-599682C5892D}.Distribution|Windows Phone 8.ActiveCfg = Debug|Any CPU
		{BB75A986-7F88-4140-9D25-599682C5892D}.Distribution|Windows Phone 8.Build.0 = Debug|Any CPU
		{BB75A986-7F88-4140-9D25-599682C5892D}.Distribution|Windows-AnyCPU.ActiveCfg = Debug|Any CPU
		{BB75A986-7F88-4140-9D25-599682C5892D}.Distribution|Windows-AnyCPU.Build.0 = Debug|Any CPU
		{BB75A986-7F88-4140-9D25-599682C5892D}.Distribution|Windows-ARM.ActiveCfg = Debug|Any CPU
		{BB75A986-7F88-4140-9D25-599682C5892D}.Distribution|Windows-ARM.Build.0 = Debug|Any CPU
		{BB75A986-7F88-4140-9D25-599682C5892D}.Distribution|Windows-x64.ActiveCfg = Debug|Any CPU
		{BB75A986-7F88-4140-9D25-599682C5892D}.Distribution|Windows-x64.Build.0 = Debug|Any CPU
		{BB75A986-7F88-4140-9D25-599682C5892D}.Distribution|Windows-x86.ActiveCfg = Debug|Any CPU
		{BB75A986-7F88-4140-9D25-599682C5892D}.Distribution|Windows-x86.Build.0 = Debug|Any CPU
		{BB75A986-7F88-4140-9D25-599682C5892D}.Distribution|x64.ActiveCfg = Debug|Any CPU
		{BB75A986-7F88-4140-9D25-599682C5892D}.Distribution|x64.Build.0 = Debug|Any CPU
		{BB75A986-7F88-4140-9D25-599682C5892D}.Distribution|x86.ActiveCfg = Debug|Any CPU
		{BB75A986-7F88-4140-9D25-599682C5892D}.Distribution|x86.Build.0 = Debug|Any CPU
		{BB75A986-7F88-4140-9D25-599682C5892D}.Release|Android.ActiveCfg = Release|Any CPU
		{BB75A986-7F88-4140-9D25-599682C5892D}.Release|Android.Build.0 = Release|Any CPU
		{BB75A986-7F88-4140-9D25-599682C5892D}.Release|Any CPU.ActiveCfg = Release|Any CPU
		{BB75A986-7F88-4140-9D25-599682C5892D}.Release|Any CPU.Build.0 = Release|Any CPU
		{BB75A986-7F88-4140-9D25-599682C5892D}.Release|ARM.ActiveCfg = Release|Any CPU
		{BB75A986-7F88-4140-9D25-599682C5892D}.Release|ARM.Build.0 = Release|Any CPU
		{BB75A986-7F88-4140-9D25-599682C5892D}.Release|iOS.ActiveCfg = Release|Any CPU
		{BB75A986-7F88-4140-9D25-599682C5892D}.Release|iOS.Build.0 = Release|Any CPU
		{BB75A986-7F88-4140-9D25-599682C5892D}.Release|Mixed Platforms.ActiveCfg = Release|Any CPU
		{BB75A986-7F88-4140-9D25-599682C5892D}.Release|Mixed Platforms.Build.0 = Release|Any CPU
		{BB75A986-7F88-4140-9D25-599682C5892D}.Release|Windows Phone (Universal).ActiveCfg = Release|Any CPU
		{BB75A986-7F88-4140-9D25-599682C5892D}.Release|Windows Phone (Universal).Build.0 = Release|Any CPU
		{BB75A986-7F88-4140-9D25-599682C5892D}.Release|Windows Phone 8.ActiveCfg = Release|Any CPU
		{BB75A986-7F88-4140-9D25-599682C5892D}.Release|Windows Phone 8.Build.0 = Release|Any CPU
		{BB75A986-7F88-4140-9D25-599682C5892D}.Release|Windows-AnyCPU.ActiveCfg = Release|Any CPU
		{BB75A986-7F88-4140-9D25-599682C5892D}.Release|Windows-AnyCPU.Build.0 = Release|Any CPU
		{BB75A986-7F88-4140-9D25-599682C5892D}.Release|Windows-ARM.ActiveCfg = Release|Any CPU
		{BB75A986-7F88-4140-9D25-599682C5892D}.Release|Windows-ARM.Build.0 = Release|Any CPU
		{BB75A986-7F88-4140-9D25-599682C5892D}.Release|Windows-x64.ActiveCfg = Release|Any CPU
		{BB75A986-7F88-4140-9D25-599682C5892D}.Release|Windows-x64.Build.0 = Release|Any CPU
		{BB75A986-7F88-4140-9D25-599682C5892D}.Release|Windows-x86.ActiveCfg = Release|Any CPU
		{BB75A986-7F88-4140-9D25-599682C5892D}.Release|Windows-x86.Build.0 = Release|Any CPU
		{BB75A986-7F88-4140-9D25-599682C5892D}.Release|x64.ActiveCfg = Release|Any CPU
		{BB75A986-7F88-4140-9D25-599682C5892D}.Release|x64.Build.0 = Release|Any CPU
		{BB75A986-7F88-4140-9D25-599682C5892D}.Release|x86.ActiveCfg = Release|Any CPU
		{BB75A986-7F88-4140-9D25-599682C5892D}.Release|x86.Build.0 = Release|Any CPU
		{CD977795-9354-4C43-ABAB-47658B90C28D}.Debug|Android.ActiveCfg = Debug|Android
		{CD977795-9354-4C43-ABAB-47658B90C28D}.Debug|Android.Build.0 = Debug|Android
		{CD977795-9354-4C43-ABAB-47658B90C28D}.Debug|Android.Deploy.0 = Debug|Android
		{CD977795-9354-4C43-ABAB-47658B90C28D}.Debug|Any CPU.ActiveCfg = Debug|Android
		{CD977795-9354-4C43-ABAB-47658B90C28D}.Debug|ARM.ActiveCfg = Debug|Windows-ARM
		{CD977795-9354-4C43-ABAB-47658B90C28D}.Debug|iOS.ActiveCfg = Debug|iOS
		{CD977795-9354-4C43-ABAB-47658B90C28D}.Debug|iOS.Build.0 = Debug|iOS
		{CD977795-9354-4C43-ABAB-47658B90C28D}.Debug|iOS.Deploy.0 = Debug|iOS
		{CD977795-9354-4C43-ABAB-47658B90C28D}.Debug|Mixed Platforms.ActiveCfg = Debug|Windows-x86
		{CD977795-9354-4C43-ABAB-47658B90C28D}.Debug|Mixed Platforms.Build.0 = Debug|Windows-x86
		{CD977795-9354-4C43-ABAB-47658B90C28D}.Debug|Mixed Platforms.Deploy.0 = Debug|Windows-x86
		{CD977795-9354-4C43-ABAB-47658B90C28D}.Debug|Windows Phone (Universal).ActiveCfg = Debug|Windows Phone (Universal)
		{CD977795-9354-4C43-ABAB-47658B90C28D}.Debug|Windows Phone (Universal).Build.0 = Debug|Windows Phone (Universal)
		{CD977795-9354-4C43-ABAB-47658B90C28D}.Debug|Windows Phone (Universal).Deploy.0 = Debug|Windows Phone (Universal)
		{CD977795-9354-4C43-ABAB-47658B90C28D}.Debug|Windows Phone 8.ActiveCfg = Debug|Windows Phone 8
		{CD977795-9354-4C43-ABAB-47658B90C28D}.Debug|Windows Phone 8.Build.0 = Debug|Windows Phone 8
		{CD977795-9354-4C43-ABAB-47658B90C28D}.Debug|Windows Phone 8.Deploy.0 = Debug|Windows Phone 8
		{CD977795-9354-4C43-ABAB-47658B90C28D}.Debug|Windows-AnyCPU.ActiveCfg = Debug|Windows-AnyCPU
		{CD977795-9354-4C43-ABAB-47658B90C28D}.Debug|Windows-AnyCPU.Build.0 = Debug|Windows-AnyCPU
		{CD977795-9354-4C43-ABAB-47658B90C28D}.Debug|Windows-AnyCPU.Deploy.0 = Debug|Windows-AnyCPU
		{CD977795-9354-4C43-ABAB-47658B90C28D}.Debug|Windows-ARM.ActiveCfg = Debug|Windows-ARM
		{CD977795-9354-4C43-ABAB-47658B90C28D}.Debug|Windows-ARM.Build.0 = Debug|Windows-ARM
		{CD977795-9354-4C43-ABAB-47658B90C28D}.Debug|Windows-ARM.Deploy.0 = Debug|Windows-ARM
		{CD977795-9354-4C43-ABAB-47658B90C28D}.Debug|Windows-x64.ActiveCfg = Debug|Windows-x64
		{CD977795-9354-4C43-ABAB-47658B90C28D}.Debug|Windows-x64.Build.0 = Debug|Windows-x64
		{CD977795-9354-4C43-ABAB-47658B90C28D}.Debug|Windows-x64.Deploy.0 = Debug|Windows-x64
		{CD977795-9354-4C43-ABAB-47658B90C28D}.Debug|Windows-x86.ActiveCfg = Debug|Windows-x86
		{CD977795-9354-4C43-ABAB-47658B90C28D}.Debug|Windows-x86.Build.0 = Debug|Windows-x86
		{CD977795-9354-4C43-ABAB-47658B90C28D}.Debug|Windows-x86.Deploy.0 = Debug|Windows-x86
		{CD977795-9354-4C43-ABAB-47658B90C28D}.Debug|x64.ActiveCfg = Debug|Windows-x64
		{CD977795-9354-4C43-ABAB-47658B90C28D}.Debug|x86.ActiveCfg = Debug|Windows-x86
		{CD977795-9354-4C43-ABAB-47658B90C28D}.Distribution|Android.ActiveCfg = Distribution|Android
		{CD977795-9354-4C43-ABAB-47658B90C28D}.Distribution|Android.Build.0 = Distribution|Android
		{CD977795-9354-4C43-ABAB-47658B90C28D}.Distribution|Android.Deploy.0 = Distribution|Android
		{CD977795-9354-4C43-ABAB-47658B90C28D}.Distribution|Any CPU.ActiveCfg = Distribution|Android
		{CD977795-9354-4C43-ABAB-47658B90C28D}.Distribution|ARM.ActiveCfg = Distribution|Windows-ARM
		{CD977795-9354-4C43-ABAB-47658B90C28D}.Distribution|iOS.ActiveCfg = Distribution|iOS
		{CD977795-9354-4C43-ABAB-47658B90C28D}.Distribution|iOS.Build.0 = Distribution|iOS
		{CD977795-9354-4C43-ABAB-47658B90C28D}.Distribution|iOS.Deploy.0 = Distribution|iOS
		{CD977795-9354-4C43-ABAB-47658B90C28D}.Distribution|Mixed Platforms.ActiveCfg = Distribution|Windows-x86
		{CD977795-9354-4C43-ABAB-47658B90C28D}.Distribution|Mixed Platforms.Build.0 = Distribution|Windows-x86
		{CD977795-9354-4C43-ABAB-47658B90C28D}.Distribution|Mixed Platforms.Deploy.0 = Distribution|Windows-x86
		{CD977795-9354-4C43-ABAB-47658B90C28D}.Distribution|Windows Phone (Universal).ActiveCfg = Distribution|Windows Phone (Universal)
		{CD977795-9354-4C43-ABAB-47658B90C28D}.Distribution|Windows Phone (Universal).Build.0 = Distribution|Windows Phone (Universal)
		{CD977795-9354-4C43-ABAB-47658B90C28D}.Distribution|Windows Phone (Universal).Deploy.0 = Distribution|Windows Phone (Universal)
		{CD977795-9354-4C43-ABAB-47658B90C28D}.Distribution|Windows Phone 8.ActiveCfg = Distribution|Windows Phone 8
		{CD977795-9354-4C43-ABAB-47658B90C28D}.Distribution|Windows Phone 8.Build.0 = Distribution|Windows Phone 8
		{CD977795-9354-4C43-ABAB-47658B90C28D}.Distribution|Windows Phone 8.Deploy.0 = Distribution|Windows Phone 8
		{CD977795-9354-4C43-ABAB-47658B90C28D}.Distribution|Windows-AnyCPU.ActiveCfg = Distribution|Windows-AnyCPU
		{CD977795-9354-4C43-ABAB-47658B90C28D}.Distribution|Windows-AnyCPU.Build.0 = Distribution|Windows-AnyCPU
		{CD977795-9354-4C43-ABAB-47658B90C28D}.Distribution|Windows-AnyCPU.Deploy.0 = Distribution|Windows-AnyCPU
		{CD977795-9354-4C43-ABAB-47658B90C28D}.Distribution|Windows-ARM.ActiveCfg = Distribution|Windows-ARM
		{CD977795-9354-4C43-ABAB-47658B90C28D}.Distribution|Windows-ARM.Build.0 = Distribution|Windows-ARM
		{CD977795-9354-4C43-ABAB-47658B90C28D}.Distribution|Windows-ARM.Deploy.0 = Distribution|Windows-ARM
		{CD977795-9354-4C43-ABAB-47658B90C28D}.Distribution|Windows-x64.ActiveCfg = Distribution|Windows-x64
		{CD977795-9354-4C43-ABAB-47658B90C28D}.Distribution|Windows-x64.Build.0 = Distribution|Windows-x64
		{CD977795-9354-4C43-ABAB-47658B90C28D}.Distribution|Windows-x64.Deploy.0 = Distribution|Windows-x64
		{CD977795-9354-4C43-ABAB-47658B90C28D}.Distribution|Windows-x86.ActiveCfg = Distribution|Windows-x86
		{CD977795-9354-4C43-ABAB-47658B90C28D}.Distribution|Windows-x86.Build.0 = Distribution|Windows-x86
		{CD977795-9354-4C43-ABAB-47658B90C28D}.Distribution|Windows-x86.Deploy.0 = Distribution|Windows-x86
		{CD977795-9354-4C43-ABAB-47658B90C28D}.Distribution|x64.ActiveCfg = Distribution|Windows-x64
		{CD977795-9354-4C43-ABAB-47658B90C28D}.Distribution|x86.ActiveCfg = Distribution|Windows-x86
		{CD977795-9354-4C43-ABAB-47658B90C28D}.Release|Android.ActiveCfg = Release|Android
		{CD977795-9354-4C43-ABAB-47658B90C28D}.Release|Android.Build.0 = Release|Android
		{CD977795-9354-4C43-ABAB-47658B90C28D}.Release|Android.Deploy.0 = Release|Android
		{CD977795-9354-4C43-ABAB-47658B90C28D}.Release|Any CPU.ActiveCfg = Release|Android
		{CD977795-9354-4C43-ABAB-47658B90C28D}.Release|ARM.ActiveCfg = Release|Windows-ARM
		{CD977795-9354-4C43-ABAB-47658B90C28D}.Release|iOS.ActiveCfg = Release|iOS
		{CD977795-9354-4C43-ABAB-47658B90C28D}.Release|iOS.Build.0 = Release|iOS
		{CD977795-9354-4C43-ABAB-47658B90C28D}.Release|iOS.Deploy.0 = Release|iOS
		{CD977795-9354-4C43-ABAB-47658B90C28D}.Release|Mixed Platforms.ActiveCfg = Release|Windows-x86
		{CD977795-9354-4C43-ABAB-47658B90C28D}.Release|Mixed Platforms.Build.0 = Release|Windows-x86
		{CD977795-9354-4C43-ABAB-47658B90C28D}.Release|Mixed Platforms.Deploy.0 = Release|Windows-x86
		{CD977795-9354-4C43-ABAB-47658B90C28D}.Release|Windows Phone (Universal).ActiveCfg = Release|Windows Phone (Universal)
		{CD977795-9354-4C43-ABAB-47658B90C28D}.Release|Windows Phone (Universal).Build.0 = Release|Windows Phone (Universal)
		{CD977795-9354-4C43-ABAB-47658B90C28D}.Release|Windows Phone (Universal).Deploy.0 = Release|Windows Phone (Universal)
		{CD977795-9354-4C43-ABAB-47658B90C28D}.Release|Windows Phone 8.ActiveCfg = Release|Windows Phone 8
		{CD977795-9354-4C43-ABAB-47658B90C28D}.Release|Windows Phone 8.Build.0 = Release|Windows Phone 8
		{CD977795-9354-4C43-ABAB-47658B90C28D}.Release|Windows Phone 8.Deploy.0 = Release|Windows Phone 8
		{CD977795-9354-4C43-ABAB-47658B90C28D}.Release|Windows-AnyCPU.ActiveCfg = Release|Windows-AnyCPU
		{CD977795-9354-4C43-ABAB-47658B90C28D}.Release|Windows-AnyCPU.Build.0 = Release|Windows-AnyCPU
		{CD977795-9354-4C43-ABAB-47658B90C28D}.Release|Windows-AnyCPU.Deploy.0 = Release|Windows-AnyCPU
		{CD977795-9354-4C43-ABAB-47658B90C28D}.Release|Windows-ARM.ActiveCfg = Release|Windows-ARM
		{CD977795-9354-4C43-ABAB-47658B90C28D}.Release|Windows-ARM.Build.0 = Release|Windows-ARM
		{CD977795-9354-4C43-ABAB-47658B90C28D}.Release|Windows-ARM.Deploy.0 = Release|Windows-ARM
		{CD977795-9354-4C43-ABAB-47658B90C28D}.Release|Windows-x64.ActiveCfg = Release|Windows-x64
		{CD977795-9354-4C43-ABAB-47658B90C28D}.Release|Windows-x64.Build.0 = Release|Windows-x64
		{CD977795-9354-4C43-ABAB-47658B90C28D}.Release|Windows-x64.Deploy.0 = Release|Windows-x64
		{CD977795-9354-4C43-ABAB-47658B90C28D}.Release|Windows-x86.ActiveCfg = Release|Windows-x86
		{CD977795-9354-4C43-ABAB-47658B90C28D}.Release|Windows-x86.Build.0 = Release|Windows-x86
		{CD977795-9354-4C43-ABAB-47658B90C28D}.Release|Windows-x86.Deploy.0 = Release|Windows-x86
		{CD977795-9354-4C43-ABAB-47658B90C28D}.Release|x64.ActiveCfg = Release|Windows-x64
		{CD977795-9354-4C43-ABAB-47658B90C28D}.Release|x86.ActiveCfg = Release|Windows-x86
		{BC5FF9E3-B046-442D-A64C-85D83152A028}.Debug|Android.ActiveCfg = Debug|Android
		{BC5FF9E3-B046-442D-A64C-85D83152A028}.Debug|Android.Build.0 = Debug|Android
		{BC5FF9E3-B046-442D-A64C-85D83152A028}.Debug|Android.Deploy.0 = Debug|Android
		{BC5FF9E3-B046-442D-A64C-85D83152A028}.Debug|Any CPU.ActiveCfg = Debug|Android
		{BC5FF9E3-B046-442D-A64C-85D83152A028}.Debug|ARM.ActiveCfg = Debug|Windows-ARM
		{BC5FF9E3-B046-442D-A64C-85D83152A028}.Debug|iOS.ActiveCfg = Debug|iOS
		{BC5FF9E3-B046-442D-A64C-85D83152A028}.Debug|iOS.Build.0 = Debug|iOS
		{BC5FF9E3-B046-442D-A64C-85D83152A028}.Debug|iOS.Deploy.0 = Debug|iOS
		{BC5FF9E3-B046-442D-A64C-85D83152A028}.Debug|Mixed Platforms.ActiveCfg = Debug|Android
		{BC5FF9E3-B046-442D-A64C-85D83152A028}.Debug|Mixed Platforms.Build.0 = Debug|Android
		{BC5FF9E3-B046-442D-A64C-85D83152A028}.Debug|Mixed Platforms.Deploy.0 = Debug|Android
		{BC5FF9E3-B046-442D-A64C-85D83152A028}.Debug|Windows Phone (Universal).ActiveCfg = Debug|Windows Phone (Universal)
		{BC5FF9E3-B046-442D-A64C-85D83152A028}.Debug|Windows Phone (Universal).Build.0 = Debug|Windows Phone (Universal)
		{BC5FF9E3-B046-442D-A64C-85D83152A028}.Debug|Windows Phone (Universal).Deploy.0 = Debug|Windows Phone (Universal)
		{BC5FF9E3-B046-442D-A64C-85D83152A028}.Debug|Windows Phone 8.ActiveCfg = Debug|Windows Phone 8
		{BC5FF9E3-B046-442D-A64C-85D83152A028}.Debug|Windows Phone 8.Build.0 = Debug|Windows Phone 8
		{BC5FF9E3-B046-442D-A64C-85D83152A028}.Debug|Windows Phone 8.Deploy.0 = Debug|Windows Phone 8
		{BC5FF9E3-B046-442D-A64C-85D83152A028}.Debug|Windows-AnyCPU.ActiveCfg = Debug|Windows-AnyCPU
		{BC5FF9E3-B046-442D-A64C-85D83152A028}.Debug|Windows-AnyCPU.Build.0 = Debug|Windows-AnyCPU
		{BC5FF9E3-B046-442D-A64C-85D83152A028}.Debug|Windows-AnyCPU.Deploy.0 = Debug|Windows-AnyCPU
		{BC5FF9E3-B046-442D-A64C-85D83152A028}.Debug|Windows-ARM.ActiveCfg = Debug|Windows-ARM
		{BC5FF9E3-B046-442D-A64C-85D83152A028}.Debug|Windows-ARM.Build.0 = Debug|Windows-ARM
		{BC5FF9E3-B046-442D-A64C-85D83152A028}.Debug|Windows-ARM.Deploy.0 = Debug|Windows-ARM
		{BC5FF9E3-B046-442D-A64C-85D83152A028}.Debug|Windows-x64.ActiveCfg = Debug|Windows-x64
		{BC5FF9E3-B046-442D-A64C-85D83152A028}.Debug|Windows-x64.Build.0 = Debug|Windows-x64
		{BC5FF9E3-B046-442D-A64C-85D83152A028}.Debug|Windows-x64.Deploy.0 = Debug|Windows-x64
		{BC5FF9E3-B046-442D-A64C-85D83152A028}.Debug|Windows-x86.ActiveCfg = Debug|Windows-x86
		{BC5FF9E3-B046-442D-A64C-85D83152A028}.Debug|Windows-x86.Build.0 = Debug|Windows-x86
		{BC5FF9E3-B046-442D-A64C-85D83152A028}.Debug|Windows-x86.Deploy.0 = Debug|Windows-x86
		{BC5FF9E3-B046-442D-A64C-85D83152A028}.Debug|x64.ActiveCfg = Debug|Windows-x64
		{BC5FF9E3-B046-442D-A64C-85D83152A028}.Debug|x86.ActiveCfg = Debug|Windows-x86
		{BC5FF9E3-B046-442D-A64C-85D83152A028}.Distribution|Android.ActiveCfg = Debug|Android
		{BC5FF9E3-B046-442D-A64C-85D83152A028}.Distribution|Android.Build.0 = Debug|Android
		{BC5FF9E3-B046-442D-A64C-85D83152A028}.Distribution|Android.Deploy.0 = Debug|Android
		{BC5FF9E3-B046-442D-A64C-85D83152A028}.Distribution|Any CPU.ActiveCfg = Release|Android
		{BC5FF9E3-B046-442D-A64C-85D83152A028}.Distribution|Any CPU.Build.0 = Release|Android
		{BC5FF9E3-B046-442D-A64C-85D83152A028}.Distribution|Any CPU.Deploy.0 = Release|Android
		{BC5FF9E3-B046-442D-A64C-85D83152A028}.Distribution|ARM.ActiveCfg = Release|Android
		{BC5FF9E3-B046-442D-A64C-85D83152A028}.Distribution|ARM.Build.0 = Release|Android
		{BC5FF9E3-B046-442D-A64C-85D83152A028}.Distribution|ARM.Deploy.0 = Release|Android
		{BC5FF9E3-B046-442D-A64C-85D83152A028}.Distribution|iOS.ActiveCfg = Debug|iOS
		{BC5FF9E3-B046-442D-A64C-85D83152A028}.Distribution|iOS.Build.0 = Debug|iOS
		{BC5FF9E3-B046-442D-A64C-85D83152A028}.Distribution|iOS.Deploy.0 = Debug|iOS
		{BC5FF9E3-B046-442D-A64C-85D83152A028}.Distribution|Mixed Platforms.ActiveCfg = Debug|Android
		{BC5FF9E3-B046-442D-A64C-85D83152A028}.Distribution|Mixed Platforms.Build.0 = Debug|Android
		{BC5FF9E3-B046-442D-A64C-85D83152A028}.Distribution|Mixed Platforms.Deploy.0 = Debug|Android
		{BC5FF9E3-B046-442D-A64C-85D83152A028}.Distribution|Windows Phone (Universal).ActiveCfg = Debug|Windows Phone (Universal)
		{BC5FF9E3-B046-442D-A64C-85D83152A028}.Distribution|Windows Phone (Universal).Build.0 = Debug|Windows Phone (Universal)
		{BC5FF9E3-B046-442D-A64C-85D83152A028}.Distribution|Windows Phone (Universal).Deploy.0 = Debug|Windows Phone (Universal)
		{BC5FF9E3-B046-442D-A64C-85D83152A028}.Distribution|Windows Phone 8.ActiveCfg = Debug|Windows Phone 8
		{BC5FF9E3-B046-442D-A64C-85D83152A028}.Distribution|Windows Phone 8.Build.0 = Debug|Windows Phone 8
		{BC5FF9E3-B046-442D-A64C-85D83152A028}.Distribution|Windows Phone 8.Deploy.0 = Debug|Windows Phone 8
		{BC5FF9E3-B046-442D-A64C-85D83152A028}.Distribution|Windows-AnyCPU.ActiveCfg = Debug|Windows-AnyCPU
		{BC5FF9E3-B046-442D-A64C-85D83152A028}.Distribution|Windows-AnyCPU.Build.0 = Debug|Windows-AnyCPU
		{BC5FF9E3-B046-442D-A64C-85D83152A028}.Distribution|Windows-AnyCPU.Deploy.0 = Debug|Windows-AnyCPU
		{BC5FF9E3-B046-442D-A64C-85D83152A028}.Distribution|Windows-ARM.ActiveCfg = Debug|Windows-ARM
		{BC5FF9E3-B046-442D-A64C-85D83152A028}.Distribution|Windows-ARM.Build.0 = Debug|Windows-ARM
		{BC5FF9E3-B046-442D-A64C-85D83152A028}.Distribution|Windows-ARM.Deploy.0 = Debug|Windows-ARM
		{BC5FF9E3-B046-442D-A64C-85D83152A028}.Distribution|Windows-x64.ActiveCfg = Debug|Windows-x64
		{BC5FF9E3-B046-442D-A64C-85D83152A028}.Distribution|Windows-x64.Build.0 = Debug|Windows-x64
		{BC5FF9E3-B046-442D-A64C-85D83152A028}.Distribution|Windows-x64.Deploy.0 = Debug|Windows-x64
		{BC5FF9E3-B046-442D-A64C-85D83152A028}.Distribution|Windows-x86.ActiveCfg = Debug|Windows-x86
		{BC5FF9E3-B046-442D-A64C-85D83152A028}.Distribution|Windows-x86.Build.0 = Debug|Windows-x86
		{BC5FF9E3-B046-442D-A64C-85D83152A028}.Distribution|Windows-x86.Deploy.0 = Debug|Windows-x86
		{BC5FF9E3-B046-442D-A64C-85D83152A028}.Distribution|x64.ActiveCfg = Release|Android
		{BC5FF9E3-B046-442D-A64C-85D83152A028}.Distribution|x64.Build.0 = Release|Android
		{BC5FF9E3-B046-442D-A64C-85D83152A028}.Distribution|x64.Deploy.0 = Release|Android
		{BC5FF9E3-B046-442D-A64C-85D83152A028}.Distribution|x86.ActiveCfg = Release|Android
		{BC5FF9E3-B046-442D-A64C-85D83152A028}.Distribution|x86.Build.0 = Release|Android
		{BC5FF9E3-B046-442D-A64C-85D83152A028}.Distribution|x86.Deploy.0 = Release|Android
		{BC5FF9E3-B046-442D-A64C-85D83152A028}.Release|Android.ActiveCfg = Release|Android
		{BC5FF9E3-B046-442D-A64C-85D83152A028}.Release|Android.Build.0 = Release|Android
		{BC5FF9E3-B046-442D-A64C-85D83152A028}.Release|Android.Deploy.0 = Release|Android
		{BC5FF9E3-B046-442D-A64C-85D83152A028}.Release|Any CPU.ActiveCfg = Release|Android
		{BC5FF9E3-B046-442D-A64C-85D83152A028}.Release|ARM.ActiveCfg = Release|Windows-ARM
		{BC5FF9E3-B046-442D-A64C-85D83152A028}.Release|iOS.ActiveCfg = Release|iOS
		{BC5FF9E3-B046-442D-A64C-85D83152A028}.Release|iOS.Build.0 = Release|iOS
		{BC5FF9E3-B046-442D-A64C-85D83152A028}.Release|iOS.Deploy.0 = Release|iOS
		{BC5FF9E3-B046-442D-A64C-85D83152A028}.Release|Mixed Platforms.ActiveCfg = Release|Android
		{BC5FF9E3-B046-442D-A64C-85D83152A028}.Release|Mixed Platforms.Build.0 = Release|Android
		{BC5FF9E3-B046-442D-A64C-85D83152A028}.Release|Mixed Platforms.Deploy.0 = Release|Android
		{BC5FF9E3-B046-442D-A64C-85D83152A028}.Release|Windows Phone (Universal).ActiveCfg = Release|Windows Phone (Universal)
		{BC5FF9E3-B046-442D-A64C-85D83152A028}.Release|Windows Phone (Universal).Build.0 = Release|Windows Phone (Universal)
		{BC5FF9E3-B046-442D-A64C-85D83152A028}.Release|Windows Phone (Universal).Deploy.0 = Release|Windows Phone (Universal)
		{BC5FF9E3-B046-442D-A64C-85D83152A028}.Release|Windows Phone 8.ActiveCfg = Release|Windows Phone 8
		{BC5FF9E3-B046-442D-A64C-85D83152A028}.Release|Windows Phone 8.Build.0 = Release|Windows Phone 8
		{BC5FF9E3-B046-442D-A64C-85D83152A028}.Release|Windows Phone 8.Deploy.0 = Release|Windows Phone 8
		{BC5FF9E3-B046-442D-A64C-85D83152A028}.Release|Windows-AnyCPU.ActiveCfg = Release|Windows-AnyCPU
		{BC5FF9E3-B046-442D-A64C-85D83152A028}.Release|Windows-AnyCPU.Build.0 = Release|Windows-AnyCPU
		{BC5FF9E3-B046-442D-A64C-85D83152A028}.Release|Windows-AnyCPU.Deploy.0 = Release|Windows-AnyCPU
		{BC5FF9E3-B046-442D-A64C-85D83152A028}.Release|Windows-ARM.ActiveCfg = Release|Windows-ARM
		{BC5FF9E3-B046-442D-A64C-85D83152A028}.Release|Windows-ARM.Build.0 = Release|Windows-ARM
		{BC5FF9E3-B046-442D-A64C-85D83152A028}.Release|Windows-ARM.Deploy.0 = Release|Windows-ARM
		{BC5FF9E3-B046-442D-A64C-85D83152A028}.Release|Windows-x64.ActiveCfg = Release|Windows-x64
		{BC5FF9E3-B046-442D-A64C-85D83152A028}.Release|Windows-x64.Build.0 = Release|Windows-x64
		{BC5FF9E3-B046-442D-A64C-85D83152A028}.Release|Windows-x64.Deploy.0 = Release|Windows-x64
		{BC5FF9E3-B046-442D-A64C-85D83152A028}.Release|Windows-x86.ActiveCfg = Release|Windows-x86
		{BC5FF9E3-B046-442D-A64C-85D83152A028}.Release|Windows-x86.Build.0 = Release|Windows-x86
		{BC5FF9E3-B046-442D-A64C-85D83152A028}.Release|Windows-x86.Deploy.0 = Release|Windows-x86
		{BC5FF9E3-B046-442D-A64C-85D83152A028}.Release|x64.ActiveCfg = Release|Windows-x64
		{BC5FF9E3-B046-442D-A64C-85D83152A028}.Release|x86.ActiveCfg = Release|Windows-x86
	EndGlobalSection
	GlobalSection(SolutionProperties) = preSolution
		HideSolutionNode = FALSE
	EndGlobalSection
	GlobalSection(NestedProjects) = preSolution
		{DC98B300-43DB-43D4-801B-E023976D0FB0} = {7D12D253-86E1-489C-BB50-EFBACAE600C0}
		{831C1DA0-7C7E-423D-84B6-992119A341E0} = {7F866533-FAFD-4708-925D-636BD0C8599C}
		{BB75A986-7F88-4140-9D25-599682C5892D} = {6DA05CDC-B2AB-4A55-935A-0BA2E9E69392}
		{CD977795-9354-4C43-ABAB-47658B90C28D} = {FCEAB226-1C23-4E59-8020-907CA2431B1F}
		{BC5FF9E3-B046-442D-A64C-85D83152A028} = {FCEAB226-1C23-4E59-8020-907CA2431B1F}
	EndGlobalSection
	GlobalSection(TeamFoundationVersionControl) = preSolution
		SccNumberOfProjects = 6
		SccEnterpriseProvider = {4CA58AB2-18FA-4F8D-95D4-32DDF27D184C}
		SccTeamFoundationServer = http://manchester:8080/tfs/se_collection_2013
		SccLocalPath0 = .
		SccProjectUniqueName1 = Se.MoneyPoints.Api\\Se.MoneyPoints.Api.csproj
		SccProjectTopLevelParentUniqueName1 = Se.MoneyPoints.sln
		SccProjectName1 = Se.MoneyPoints.Api
		SccLocalPath1 = Se.MoneyPoints.Api
		SccProjectUniqueName2 = Se.MoneyPoints.Api.Tests\\Se.MoneyPoints.Api.Tests.csproj
		SccProjectTopLevelParentUniqueName2 = Se.MoneyPoints.sln
		SccProjectName2 = Se.MoneyPoints.Api.Tests
		SccLocalPath2 = Se.MoneyPoints.Api.Tests
		SccProjectUniqueName3 = Se.MoneyPoints.Model\\Se.MoneyPoints.Model.csproj
		SccProjectTopLevelParentUniqueName3 = Se.MoneyPoints.sln
		SccProjectName3 = Se.MoneyPoints.Model
		SccLocalPath3 = Se.MoneyPoints.Model
		SccProjectUniqueName4 = Se.MoneyPointsAppJs\\Se.MoneyPointsAppJs.jsproj
		SccProjectTopLevelParentUniqueName4 = Se.MoneyPoints.sln
		SccProjectName4 = Se.MoneyPointsAppJs
		SccLocalPath4 = Se.MoneyPointsAppJs
		SccProjectUniqueName5 = SE.MoneyPoints.App\\SE.MoneyPoints.App.jsproj
		SccProjectTopLevelParentUniqueName5 = Se.MoneyPoints.sln
		SccProjectName5 = SE.MoneyPoints.App
		SccLocalPath5 = SE.MoneyPoints.App
	EndGlobalSection
EndGlobal
